Microsoft Visual Studio Solution File, Format Version 12.00
# Visual Studio Version 17
VisualStudioVersion = 17.5.2.0
MinimumVisualStudioVersion = 10.0.40219.1
Project("{FAE04EC0-301F-11D3-BF4B-00C04F79EFBC}") = "string_library", "string_library.csproj", "{AB271BD1-0993-0D9D-3E92-AA40036C007A}"
EndProject
Global
	GlobalSection(SolutionConfigurationPlatforms) = preSolution
		Debug|Any CPU = Debug|Any CPU
		Release|Any CPU = Release|Any CPU
	EndGlobalSection
	GlobalSection(ProjectConfigurationPlatforms) = postSolution
		{AB271BD1-0993-0D9D-3E92-AA40036C007A}.Debug|Any CPU.ActiveCfg = Debug|Any CPU
		{AB271BD1-0993-0D9D-3E92-AA40036C007A}.Debug|Any CPU.Build.0 = Debug|Any CPU
		{AB271BD1-0993-0D9D-3E92-AA40036C007A}.Release|Any CPU.ActiveCfg = Release|Any CPU
		{AB271BD1-0993-0D9D-3E92-AA40036C007A}.Release|Any CPU.Build.0 = Release|Any CPU
	EndGlobalSection
	GlobalSection(SolutionProperties) = preSolution
		HideSolutionNode = FALSE
	EndGlobalSection
	GlobalSection(ExtensibilityGlobals) = postSolution
		SolutionGuid = {23EF06E2-1185-49BF-B97A-FE5C440B7BAB}
	EndGlobalSection
EndGlobal
