Microsoft Visual Studio Solution File, Format Version 12.00
# Visual Studio Version 17
VisualStudioVersion = 17.5.2.0
MinimumVisualStudioVersion = 10.0.40219.1
Project("{FAE04EC0-301F-11D3-BF4B-00C04F79EFBC}") = "array_sinifi_metodlari", "array_sinifi_metodlari.csproj", "{EDE0FCB5-FC3B-53A2-D4A3-58A8F96462EB}"
EndProject
Global
	GlobalSection(SolutionConfigurationPlatforms) = preSolution
		Debug|Any CPU = Debug|Any CPU
		Release|Any CPU = Release|Any CPU
	EndGlobalSection
	GlobalSection(ProjectConfigurationPlatforms) = postSolution
		{EDE0FCB5-FC3B-53A2-D4A3-58A8F96462EB}.Debug|Any CPU.ActiveCfg = Debug|Any CPU
		{EDE0FCB5-FC3B-53A2-D4A3-58A8F96462EB}.Debug|Any CPU.Build.0 = Debug|Any CPU
		{EDE0FCB5-FC3B-53A2-D4A3-58A8F96462EB}.Release|Any CPU.ActiveCfg = Release|Any CPU
		{EDE0FCB5-FC3B-53A2-D4A3-58A8F96462EB}.Release|Any CPU.Build.0 = Release|Any CPU
	EndGlobalSection
	GlobalSection(SolutionProperties) = preSolution
		HideSolutionNode = FALSE
	EndGlobalSection
	GlobalSection(ExtensibilityGlobals) = postSolution
		SolutionGuid = {BAC76200-C21C-4ECD-8176-7443D9570329}
	EndGlobalSection
EndGlobal
